
Microsoft Visual Studio Solution File, Format Version 12.00
# Visual Studio 15
VisualStudioVersion = 15.0.26430.6
MinimumVisualStudioVersion = 10.0.40219.1
Project("{FAE04EC0-301F-11D3-BF4B-00C04F79EFBC}") = "FolderCreatorProxy", "FolderCreatorProxy\FolderCreatorProxy.csproj", "{0DCAC8E8-D442-4939-A196-C03BC484EE14}"
EndProject
Project("{FAE04EC0-301F-11D3-BF4B-00C04F79EFBC}") = "FolderCreatorClient", "FolderCreatorClient\FolderCreatorClient.csproj", "{DCAA0D64-A3A4-48E8-9EC6-9A0723D3C5BC}"
EndProject
Project("{FAE04EC0-301F-11D3-BF4B-00C04F79EFBC}") = "FolderCreatorInterfaces", "FolderCreatorInterfaces\FolderCreatorInterfaces.csproj", "{8EFE207D-173F-4744-AF03-E7B69BCDCF4E}"
EndProject
Global
	GlobalSection(SolutionConfigurationPlatforms) = preSolution
		Debug|Any CPU = Debug|Any CPU
		Release|Any CPU = Release|Any CPU
	EndGlobalSection
	GlobalSection(ProjectConfigurationPlatforms) = postSolution
		{0DCAC8E8-D442-4939-A196-C03BC484EE14}.Debug|Any CPU.ActiveCfg = Debug|Any CPU
		{0DCAC8E8-D442-4939-A196-C03BC484EE14}.Debug|Any CPU.Build.0 = Debug|Any CPU
		{0DCAC8E8-D442-4939-A196-C03BC484EE14}.Release|Any CPU.ActiveCfg = Release|Any CPU
		{0DCAC8E8-D442-4939-A196-C03BC484EE14}.Release|Any CPU.Build.0 = Release|Any CPU
		{DCAA0D64-A3A4-48E8-9EC6-9A0723D3C5BC}.Debug|Any CPU.ActiveCfg = Debug|Any CPU
		{DCAA0D64-A3A4-48E8-9EC6-9A0723D3C5BC}.Debug|Any CPU.Build.0 = Debug|Any CPU
		{DCAA0D64-A3A4-48E8-9EC6-9A0723D3C5BC}.Release|Any CPU.ActiveCfg = Release|Any CPU
		{DCAA0D64-A3A4-48E8-9EC6-9A0723D3C5BC}.Release|Any CPU.Build.0 = Release|Any CPU
		{8EFE207D-173F-4744-AF03-E7B69BCDCF4E}.Debug|Any CPU.ActiveCfg = Debug|Any CPU
		{8EFE207D-173F-4744-AF03-E7B69BCDCF4E}.Debug|Any CPU.Build.0 = Debug|Any CPU
		{8EFE207D-173F-4744-AF03-E7B69BCDCF4E}.Release|Any CPU.ActiveCfg = Release|Any CPU
		{8EFE207D-173F-4744-AF03-E7B69BCDCF4E}.Release|Any CPU.Build.0 = Release|Any CPU
	EndGlobalSection
	GlobalSection(SolutionProperties) = preSolution
		HideSolutionNode = FALSE
	EndGlobalSection
EndGlobal
